
Microsoft Visual Studio Solution File, Format Version 12.00
# Visual Studio Version 17
VisualStudioVersion = 17.11.35312.102
MinimumVisualStudioVersion = 10.0.40219.1
Project("{8BC9CEB8-8B4A-11D0-8D11-00A0C91BC942}") = "social_agents", "social_agents\social_agents.vcxproj", "{95462269-702C-4908-8665-AE51F883F43F}"
EndProject
Global
	GlobalSection(SolutionConfigurationPlatforms) = preSolution
		Debug|x64 = Debug|x64
		Debug|x86 = Debug|x86
		Release|x64 = Release|x64
		Release|x86 = Release|x86
	EndGlobalSection
	GlobalSection(ProjectConfigurationPlatforms) = postSolution
		{95462269-702C-4908-8665-AE51F883F43F}.Debug|x64.ActiveCfg = Debug|x64
		{95462269-702C-4908-8665-AE51F883F43F}.Debug|x64.Build.0 = Debug|x64
		{95462269-702C-4908-8665-AE51F883F43F}.Debug|x86.ActiveCfg = Debug|Win32
		{95462269-702C-4908-8665-AE51F883F43F}.Debug|x86.Build.0 = Debug|Win32
		{95462269-702C-4908-8665-AE51F883F43F}.Release|x64.ActiveCfg = Release|x64
		{95462269-702C-4908-8665-AE51F883F43F}.Release|x64.Build.0 = Release|x64
		{95462269-702C-4908-8665-AE51F883F43F}.Release|x86.ActiveCfg = Release|Win32
		{95462269-702C-4908-8665-AE51F883F43F}.Release|x86.Build.0 = Release|Win32
	EndGlobalSection
	GlobalSection(SolutionProperties) = preSolution
		HideSolutionNode = FALSE
	EndGlobalSection
	GlobalSection(ExtensibilityGlobals) = postSolution
		SolutionGuid = {B9939FA0-2613-489B-9DE2-FAF4353D6E6F}
	EndGlobalSection
EndGlobal
